
Microsoft Visual Studio Solution File, Format Version 12.00
# Visual Studio Version 16
VisualStudioVersion = 16.0.30907.101
MinimumVisualStudioVersion = 10.0.40219.1
Project("{FAE04EC0-301F-11D3-BF4B-00C04F79EFBC}") = "BusTicketBooking.Core", "BusTicketBooking.Core\BusTicketBooking.Core.csproj", "{FCD0521D-0FF3-49CB-B1F1-BC7EB15D9B49}"
EndProject
Project("{FAE04EC0-301F-11D3-BF4B-00C04F79EFBC}") = "BusTicketBooking.Infrastructure", "BusTicketBooking.Infrastructure\BusTicketBooking.Infrastructure.csproj", "{0828EAEF-DBF4-46D2-A2AA-8EA1C9086EE6}"
EndProject
Project("{FAE04EC0-301F-11D3-BF4B-00C04F79EFBC}") = "BusTicketBooking.Application", "BusTicketBooking.Application\BusTicketBooking.Application.csproj", "{AB2747BE-0F5A-4329-8ED0-A7786BC31798}"
EndProject
Project("{FAE04EC0-301F-11D3-BF4B-00C04F79EFBC}") = "BusTicketBooking", "BusTicketBooking\BusTicketBooking.csproj", "{E5BC4856-A783-4530-9D4F-1F25C928CB66}"
EndProject
Global
	GlobalSection(SolutionConfigurationPlatforms) = preSolution
		Debug|Any CPU = Debug|Any CPU
		Release|Any CPU = Release|Any CPU
	EndGlobalSection
	GlobalSection(ProjectConfigurationPlatforms) = postSolution
		{FCD0521D-0FF3-49CB-B1F1-BC7EB15D9B49}.Debug|Any CPU.ActiveCfg = Debug|Any CPU
		{FCD0521D-0FF3-49CB-B1F1-BC7EB15D9B49}.Debug|Any CPU.Build.0 = Debug|Any CPU
		{FCD0521D-0FF3-49CB-B1F1-BC7EB15D9B49}.Release|Any CPU.ActiveCfg = Release|Any CPU
		{FCD0521D-0FF3-49CB-B1F1-BC7EB15D9B49}.Release|Any CPU.Build.0 = Release|Any CPU
		{0828EAEF-DBF4-46D2-A2AA-8EA1C9086EE6}.Debug|Any CPU.ActiveCfg = Debug|Any CPU
		{0828EAEF-DBF4-46D2-A2AA-8EA1C9086EE6}.Debug|Any CPU.Build.0 = Debug|Any CPU
		{0828EAEF-DBF4-46D2-A2AA-8EA1C9086EE6}.Release|Any CPU.ActiveCfg = Release|Any CPU
		{0828EAEF-DBF4-46D2-A2AA-8EA1C9086EE6}.Release|Any CPU.Build.0 = Release|Any CPU
		{AB2747BE-0F5A-4329-8ED0-A7786BC31798}.Debug|Any CPU.ActiveCfg = Debug|Any CPU
		{AB2747BE-0F5A-4329-8ED0-A7786BC31798}.Debug|Any CPU.Build.0 = Debug|Any CPU
		{AB2747BE-0F5A-4329-8ED0-A7786BC31798}.Release|Any CPU.ActiveCfg = Release|Any CPU
		{AB2747BE-0F5A-4329-8ED0-A7786BC31798}.Release|Any CPU.Build.0 = Release|Any CPU
		{E5BC4856-A783-4530-9D4F-1F25C928CB66}.Debug|Any CPU.ActiveCfg = Debug|Any CPU
		{E5BC4856-A783-4530-9D4F-1F25C928CB66}.Debug|Any CPU.Build.0 = Debug|Any CPU
		{E5BC4856-A783-4530-9D4F-1F25C928CB66}.Release|Any CPU.ActiveCfg = Release|Any CPU
		{E5BC4856-A783-4530-9D4F-1F25C928CB66}.Release|Any CPU.Build.0 = Release|Any CPU
	EndGlobalSection
	GlobalSection(SolutionProperties) = preSolution
		HideSolutionNode = FALSE
	EndGlobalSection
	GlobalSection(ExtensibilityGlobals) = postSolution
		SolutionGuid = {7C40331C-9E78-4D1E-A6EE-80057EC7164C}
	EndGlobalSection
EndGlobal
